
Microsoft Visual Studio Solution File, Format Version 12.00
# Visual Studio 15
VisualStudioVersion = 15.0.27130.2027
MinimumVisualStudioVersion = 10.0.40219.1
Project("{FAE04EC0-301F-11D3-BF4B-00C04F79EFBC}") = "BashSoft", "BashSoft\BashSoft.csproj", "{B030B039-77B9-4D5D-A6F4-D4052C2CF523}"
EndProject
Global
	GlobalSection(SolutionConfigurationPlatforms) = preSolution
		Debug|Any CPU = Debug|Any CPU
		Release|Any CPU = Release|Any CPU
	EndGlobalSection
	GlobalSection(ProjectConfigurationPlatforms) = postSolution
		{B030B039-77B9-4D5D-A6F4-D4052C2CF523}.Debug|Any CPU.ActiveCfg = Debug|Any CPU
		{B030B039-77B9-4D5D-A6F4-D4052C2CF523}.Debug|Any CPU.Build.0 = Debug|Any CPU
		{B030B039-77B9-4D5D-A6F4-D4052C2CF523}.Release|Any CPU.ActiveCfg = Release|Any CPU
		{B030B039-77B9-4D5D-A6F4-D4052C2CF523}.Release|Any CPU.Build.0 = Release|Any CPU
	EndGlobalSection
	GlobalSection(SolutionProperties) = preSolution
		HideSolutionNode = FALSE
	EndGlobalSection
	GlobalSection(ExtensibilityGlobals) = postSolution
		SolutionGuid = {C1CDDF51-630D-476D-8922-BA539AA5EF71}
	EndGlobalSection
EndGlobal
