
Microsoft Visual Studio Solution File, Format Version 12.00
# Visual Studio 14
VisualStudioVersion = 14.0.25420.1
MinimumVisualStudioVersion = 10.0.40219.1
Project("{FAE04EC0-301F-11D3-BF4B-00C04F79EFBC}") = "1.UniqueUsernames", "1.UniqueUsernames\1.UniqueUsernames.csproj", "{22FCA768-9567-4621-83AA-9D3134878F6C}"
EndProject
Project("{FAE04EC0-301F-11D3-BF4B-00C04F79EFBC}") = "2.SetsofElements", "2.SetsofElements\2.SetsofElements.csproj", "{7F45E1CC-743E-446A-A9BE-A62B017B774E}"
EndProject
Project("{FAE04EC0-301F-11D3-BF4B-00C04F79EFBC}") = "3.PeriodicTable", "3.PeriodicTable\3.PeriodicTable.csproj", "{85DA31F1-5D2C-48E3-8EBC-85FFB36AE7F0}"
EndProject
Project("{FAE04EC0-301F-11D3-BF4B-00C04F79EFBC}") = "4.CountSymbols", "4.CountSymbols\4.CountSymbols.csproj", "{DA885E77-0D84-4FE5-A2F7-8819F7062D3E}"
EndProject
Project("{FAE04EC0-301F-11D3-BF4B-00C04F79EFBC}") = "5.Phonebook", "5.Phonebook\5.Phonebook.csproj", "{21219467-58DE-4A30-AD9F-49A3F1D970E0}"
EndProject
Project("{FAE04EC0-301F-11D3-BF4B-00C04F79EFBC}") = "6.Aminertask", "6.Aminertask\6.Aminertask.csproj", "{0D910279-2FAA-4782-ABAA-D74C528B2FA9}"
EndProject
Project("{FAE04EC0-301F-11D3-BF4B-00C04F79EFBC}") = "7.Fixemails", "7.Fixemails\7.Fixemails.csproj", "{C7F70314-7A36-4192-ADFD-499AFD43EA6D}"
EndProject
Project("{FAE04EC0-301F-11D3-BF4B-00C04F79EFBC}") = "8.Handsofcards", "8.Handsofcards\8.Handsofcards.csproj", "{C18CA536-22CB-4F5D-B589-57D01E392691}"
EndProject
Global
	GlobalSection(SolutionConfigurationPlatforms) = preSolution
		Debug|Any CPU = Debug|Any CPU
		Release|Any CPU = Release|Any CPU
	EndGlobalSection
	GlobalSection(ProjectConfigurationPlatforms) = postSolution
		{22FCA768-9567-4621-83AA-9D3134878F6C}.Debug|Any CPU.ActiveCfg = Debug|Any CPU
		{22FCA768-9567-4621-83AA-9D3134878F6C}.Debug|Any CPU.Build.0 = Debug|Any CPU
		{22FCA768-9567-4621-83AA-9D3134878F6C}.Release|Any CPU.ActiveCfg = Release|Any CPU
		{22FCA768-9567-4621-83AA-9D3134878F6C}.Release|Any CPU.Build.0 = Release|Any CPU
		{7F45E1CC-743E-446A-A9BE-A62B017B774E}.Debug|Any CPU.ActiveCfg = Debug|Any CPU
		{7F45E1CC-743E-446A-A9BE-A62B017B774E}.Debug|Any CPU.Build.0 = Debug|Any CPU
		{7F45E1CC-743E-446A-A9BE-A62B017B774E}.Release|Any CPU.ActiveCfg = Release|Any CPU
		{7F45E1CC-743E-446A-A9BE-A62B017B774E}.Release|Any CPU.Build.0 = Release|Any CPU
		{85DA31F1-5D2C-48E3-8EBC-85FFB36AE7F0}.Debug|Any CPU.ActiveCfg = Debug|Any CPU
		{85DA31F1-5D2C-48E3-8EBC-85FFB36AE7F0}.Debug|Any CPU.Build.0 = Debug|Any CPU
		{85DA31F1-5D2C-48E3-8EBC-85FFB36AE7F0}.Release|Any CPU.ActiveCfg = Release|Any CPU
		{85DA31F1-5D2C-48E3-8EBC-85FFB36AE7F0}.Release|Any CPU.Build.0 = Release|Any CPU
		{DA885E77-0D84-4FE5-A2F7-8819F7062D3E}.Debug|Any CPU.ActiveCfg = Debug|Any CPU
		{DA885E77-0D84-4FE5-A2F7-8819F7062D3E}.Debug|Any CPU.Build.0 = Debug|Any CPU
		{DA885E77-0D84-4FE5-A2F7-8819F7062D3E}.Release|Any CPU.ActiveCfg = Release|Any CPU
		{DA885E77-0D84-4FE5-A2F7-8819F7062D3E}.Release|Any CPU.Build.0 = Release|Any CPU
		{21219467-58DE-4A30-AD9F-49A3F1D970E0}.Debug|Any CPU.ActiveCfg = Debug|Any CPU
		{21219467-58DE-4A30-AD9F-49A3F1D970E0}.Debug|Any CPU.Build.0 = Debug|Any CPU
		{21219467-58DE-4A30-AD9F-49A3F1D970E0}.Release|Any CPU.ActiveCfg = Release|Any CPU
		{21219467-58DE-4A30-AD9F-49A3F1D970E0}.Release|Any CPU.Build.0 = Release|Any CPU
		{0D910279-2FAA-4782-ABAA-D74C528B2FA9}.Debug|Any CPU.ActiveCfg = Debug|Any CPU
		{0D910279-2FAA-4782-ABAA-D74C528B2FA9}.Debug|Any CPU.Build.0 = Debug|Any CPU
		{0D910279-2FAA-4782-ABAA-D74C528B2FA9}.Release|Any CPU.ActiveCfg = Release|Any CPU
		{0D910279-2FAA-4782-ABAA-D74C528B2FA9}.Release|Any CPU.Build.0 = Release|Any CPU
		{C7F70314-7A36-4192-ADFD-499AFD43EA6D}.Debug|Any CPU.ActiveCfg = Debug|Any CPU
		{C7F70314-7A36-4192-ADFD-499AFD43EA6D}.Debug|Any CPU.Build.0 = Debug|Any CPU
		{C7F70314-7A36-4192-ADFD-499AFD43EA6D}.Release|Any CPU.ActiveCfg = Release|Any CPU
		{C7F70314-7A36-4192-ADFD-499AFD43EA6D}.Release|Any CPU.Build.0 = Release|Any CPU
		{C18CA536-22CB-4F5D-B589-57D01E392691}.Debug|Any CPU.ActiveCfg = Debug|Any CPU
		{C18CA536-22CB-4F5D-B589-57D01E392691}.Debug|Any CPU.Build.0 = Debug|Any CPU
		{C18CA536-22CB-4F5D-B589-57D01E392691}.Release|Any CPU.ActiveCfg = Release|Any CPU
		{C18CA536-22CB-4F5D-B589-57D01E392691}.Release|Any CPU.Build.0 = Release|Any CPU
	EndGlobalSection
	GlobalSection(SolutionProperties) = preSolution
		HideSolutionNode = FALSE
	EndGlobalSection
EndGlobal
