
Microsoft Visual Studio Solution File, Format Version 12.00
# Visual Studio 15
VisualStudioVersion = 15.0.27130.2027
MinimumVisualStudioVersion = 10.0.40219.1
Project("{FAE04EC0-301F-11D3-BF4B-00C04F79EFBC}") = "1.DangerousFloor", "1.DangerousFloor\1.DangerousFloor.csproj", "{B21662DD-8FAA-4679-BCE0-6BD3767201E2}"
EndProject
Project("{FAE04EC0-301F-11D3-BF4B-00C04F79EFBC}") = "2.CryptoMaster", "2.CryptoMaster\2.CryptoMaster.csproj", "{37615F16-4096-4B14-BDAA-42BE9FA6C731}"
EndProject
Project("{FAE04EC0-301F-11D3-BF4B-00C04F79EFBC}") = "3.GreedyTimes", "3.GreedyTimes\3.GreedyTimes.csproj", "{DF9F73CD-90FC-4A5E-ACA4-4A3A87142A8D}"
EndProject
Project("{FAE04EC0-301F-11D3-BF4B-00C04F79EFBC}") = "4.TreasureMap", "4.TreasureMap\4.TreasureMap.csproj", "{6F34FF25-C719-4DBB-A8BA-D3AB37B4503D}"
EndProject
Project("{FAE04EC0-301F-11D3-BF4B-00C04F79EFBC}") = "1.DangerousFloor-2", "1.DangerousFloor-2\1.DangerousFloor-2.csproj", "{AA811966-6C93-416F-8CC6-AA8F6E1A4E30}"
EndProject
Global
	GlobalSection(SolutionConfigurationPlatforms) = preSolution
		Debug|Any CPU = Debug|Any CPU
		Release|Any CPU = Release|Any CPU
	EndGlobalSection
	GlobalSection(ProjectConfigurationPlatforms) = postSolution
		{B21662DD-8FAA-4679-BCE0-6BD3767201E2}.Debug|Any CPU.ActiveCfg = Debug|Any CPU
		{B21662DD-8FAA-4679-BCE0-6BD3767201E2}.Debug|Any CPU.Build.0 = Debug|Any CPU
		{B21662DD-8FAA-4679-BCE0-6BD3767201E2}.Release|Any CPU.ActiveCfg = Release|Any CPU
		{B21662DD-8FAA-4679-BCE0-6BD3767201E2}.Release|Any CPU.Build.0 = Release|Any CPU
		{37615F16-4096-4B14-BDAA-42BE9FA6C731}.Debug|Any CPU.ActiveCfg = Debug|Any CPU
		{37615F16-4096-4B14-BDAA-42BE9FA6C731}.Debug|Any CPU.Build.0 = Debug|Any CPU
		{37615F16-4096-4B14-BDAA-42BE9FA6C731}.Release|Any CPU.ActiveCfg = Release|Any CPU
		{37615F16-4096-4B14-BDAA-42BE9FA6C731}.Release|Any CPU.Build.0 = Release|Any CPU
		{DF9F73CD-90FC-4A5E-ACA4-4A3A87142A8D}.Debug|Any CPU.ActiveCfg = Debug|Any CPU
		{DF9F73CD-90FC-4A5E-ACA4-4A3A87142A8D}.Debug|Any CPU.Build.0 = Debug|Any CPU
		{DF9F73CD-90FC-4A5E-ACA4-4A3A87142A8D}.Release|Any CPU.ActiveCfg = Release|Any CPU
		{DF9F73CD-90FC-4A5E-ACA4-4A3A87142A8D}.Release|Any CPU.Build.0 = Release|Any CPU
		{6F34FF25-C719-4DBB-A8BA-D3AB37B4503D}.Debug|Any CPU.ActiveCfg = Debug|Any CPU
		{6F34FF25-C719-4DBB-A8BA-D3AB37B4503D}.Debug|Any CPU.Build.0 = Debug|Any CPU
		{6F34FF25-C719-4DBB-A8BA-D3AB37B4503D}.Release|Any CPU.ActiveCfg = Release|Any CPU
		{6F34FF25-C719-4DBB-A8BA-D3AB37B4503D}.Release|Any CPU.Build.0 = Release|Any CPU
		{AA811966-6C93-416F-8CC6-AA8F6E1A4E30}.Debug|Any CPU.ActiveCfg = Debug|Any CPU
		{AA811966-6C93-416F-8CC6-AA8F6E1A4E30}.Debug|Any CPU.Build.0 = Debug|Any CPU
		{AA811966-6C93-416F-8CC6-AA8F6E1A4E30}.Release|Any CPU.ActiveCfg = Release|Any CPU
		{AA811966-6C93-416F-8CC6-AA8F6E1A4E30}.Release|Any CPU.Build.0 = Release|Any CPU
	EndGlobalSection
	GlobalSection(SolutionProperties) = preSolution
		HideSolutionNode = FALSE
	EndGlobalSection
	GlobalSection(ExtensibilityGlobals) = postSolution
		SolutionGuid = {AB115DFD-1625-4B5C-BD73-DF57093C4D43}
	EndGlobalSection
EndGlobal
