
Microsoft Visual Studio Solution File, Format Version 12.00
# Visual Studio 14
VisualStudioVersion = 14.0.25420.1
MinimumVisualStudioVersion = 10.0.40219.1
Project("{FAE04EC0-301F-11D3-BF4B-00C04F79EFBC}") = "AllocateArray", "AllocateArray\AllocateArray.csproj", "{7167DD13-D9F4-491B-9B60-6498AB434CCF}"
EndProject
Project("{FAE04EC0-301F-11D3-BF4B-00C04F79EFBC}") = "CompareArrays", "CompareArrays\CompareArrays.csproj", "{498911D1-3E6E-40B3-8020-B2905D4F679D}"
EndProject
Project("{FAE04EC0-301F-11D3-BF4B-00C04F79EFBC}") = "CompareCharArrays", "CompareCharArrays\CompareCharArrays.csproj", "{B615AA67-9D7E-4967-8C3B-B5A39DD8F1A2}"
EndProject
Project("{FAE04EC0-301F-11D3-BF4B-00C04F79EFBC}") = "MaximalSequence", "MaximalSequence\MaximalSequence.csproj", "{F957D126-5D3D-4BF7-8A90-AD0660E757ED}"
EndProject
Project("{FAE04EC0-301F-11D3-BF4B-00C04F79EFBC}") = "MaximalIncreasingSequence", "MaximalIncreasingSequence\MaximalIncreasingSequence.csproj", "{2F369E7C-DEAE-44D9-92CF-9B5324DCE55B}"
EndProject
Project("{FAE04EC0-301F-11D3-BF4B-00C04F79EFBC}") = "MaximalKSum", "MaximalKSum\MaximalKSum.csproj", "{89027330-3A6E-4B6F-8165-7F84C17CCB65}"
EndProject
Project("{FAE04EC0-301F-11D3-BF4B-00C04F79EFBC}") = "SelectionSort", "SelectionSort\SelectionSort.csproj", "{5356E6BD-4A99-4A8A-9203-B2DFCB2243BD}"
EndProject
Project("{FAE04EC0-301F-11D3-BF4B-00C04F79EFBC}") = "MaximalSum", "MaximalSum\MaximalSum.csproj", "{C5C2ACF4-A2E5-479D-B13A-B3A81F5F350D}"
EndProject
Global
	GlobalSection(SolutionConfigurationPlatforms) = preSolution
		Debug|Any CPU = Debug|Any CPU
		Release|Any CPU = Release|Any CPU
	EndGlobalSection
	GlobalSection(ProjectConfigurationPlatforms) = postSolution
		{7167DD13-D9F4-491B-9B60-6498AB434CCF}.Debug|Any CPU.ActiveCfg = Debug|Any CPU
		{7167DD13-D9F4-491B-9B60-6498AB434CCF}.Debug|Any CPU.Build.0 = Debug|Any CPU
		{7167DD13-D9F4-491B-9B60-6498AB434CCF}.Release|Any CPU.ActiveCfg = Release|Any CPU
		{7167DD13-D9F4-491B-9B60-6498AB434CCF}.Release|Any CPU.Build.0 = Release|Any CPU
		{498911D1-3E6E-40B3-8020-B2905D4F679D}.Debug|Any CPU.ActiveCfg = Debug|Any CPU
		{498911D1-3E6E-40B3-8020-B2905D4F679D}.Debug|Any CPU.Build.0 = Debug|Any CPU
		{498911D1-3E6E-40B3-8020-B2905D4F679D}.Release|Any CPU.ActiveCfg = Release|Any CPU
		{498911D1-3E6E-40B3-8020-B2905D4F679D}.Release|Any CPU.Build.0 = Release|Any CPU
		{B615AA67-9D7E-4967-8C3B-B5A39DD8F1A2}.Debug|Any CPU.ActiveCfg = Debug|Any CPU
		{B615AA67-9D7E-4967-8C3B-B5A39DD8F1A2}.Debug|Any CPU.Build.0 = Debug|Any CPU
		{B615AA67-9D7E-4967-8C3B-B5A39DD8F1A2}.Release|Any CPU.ActiveCfg = Release|Any CPU
		{B615AA67-9D7E-4967-8C3B-B5A39DD8F1A2}.Release|Any CPU.Build.0 = Release|Any CPU
		{F957D126-5D3D-4BF7-8A90-AD0660E757ED}.Debug|Any CPU.ActiveCfg = Debug|Any CPU
		{F957D126-5D3D-4BF7-8A90-AD0660E757ED}.Debug|Any CPU.Build.0 = Debug|Any CPU
		{F957D126-5D3D-4BF7-8A90-AD0660E757ED}.Release|Any CPU.ActiveCfg = Release|Any CPU
		{F957D126-5D3D-4BF7-8A90-AD0660E757ED}.Release|Any CPU.Build.0 = Release|Any CPU
		{2F369E7C-DEAE-44D9-92CF-9B5324DCE55B}.Debug|Any CPU.ActiveCfg = Debug|Any CPU
		{2F369E7C-DEAE-44D9-92CF-9B5324DCE55B}.Debug|Any CPU.Build.0 = Debug|Any CPU
		{2F369E7C-DEAE-44D9-92CF-9B5324DCE55B}.Release|Any CPU.ActiveCfg = Release|Any CPU
		{2F369E7C-DEAE-44D9-92CF-9B5324DCE55B}.Release|Any CPU.Build.0 = Release|Any CPU
		{89027330-3A6E-4B6F-8165-7F84C17CCB65}.Debug|Any CPU.ActiveCfg = Debug|Any CPU
		{89027330-3A6E-4B6F-8165-7F84C17CCB65}.Debug|Any CPU.Build.0 = Debug|Any CPU
		{89027330-3A6E-4B6F-8165-7F84C17CCB65}.Release|Any CPU.ActiveCfg = Release|Any CPU
		{89027330-3A6E-4B6F-8165-7F84C17CCB65}.Release|Any CPU.Build.0 = Release|Any CPU
		{5356E6BD-4A99-4A8A-9203-B2DFCB2243BD}.Debug|Any CPU.ActiveCfg = Debug|Any CPU
		{5356E6BD-4A99-4A8A-9203-B2DFCB2243BD}.Debug|Any CPU.Build.0 = Debug|Any CPU
		{5356E6BD-4A99-4A8A-9203-B2DFCB2243BD}.Release|Any CPU.ActiveCfg = Release|Any CPU
		{5356E6BD-4A99-4A8A-9203-B2DFCB2243BD}.Release|Any CPU.Build.0 = Release|Any CPU
		{C5C2ACF4-A2E5-479D-B13A-B3A81F5F350D}.Debug|Any CPU.ActiveCfg = Debug|Any CPU
		{C5C2ACF4-A2E5-479D-B13A-B3A81F5F350D}.Debug|Any CPU.Build.0 = Debug|Any CPU
		{C5C2ACF4-A2E5-479D-B13A-B3A81F5F350D}.Release|Any CPU.ActiveCfg = Release|Any CPU
		{C5C2ACF4-A2E5-479D-B13A-B3A81F5F350D}.Release|Any CPU.Build.0 = Release|Any CPU
	EndGlobalSection
	GlobalSection(SolutionProperties) = preSolution
		HideSolutionNode = FALSE
	EndGlobalSection
EndGlobal
