
Microsoft Visual Studio Solution File, Format Version 12.00
# Visual Studio 15
VisualStudioVersion = 15.0.27130.2027
MinimumVisualStudioVersion = 10.0.40219.1
Project("{FAE04EC0-301F-11D3-BF4B-00C04F79EFBC}") = "1.Regeh", "1.Regeh\1.Regeh.csproj", "{D537A0FA-0DD3-4D7B-B36B-60A677ACFDB3}"
EndProject
Project("{FAE04EC0-301F-11D3-BF4B-00C04F79EFBC}") = "2.KnightGame", "2.KnightGame\2.KnightGame.csproj", "{ECF0FB71-0972-4B3C-931B-18B0EAC4B4E0}"
EndProject
Project("{FAE04EC0-301F-11D3-BF4B-00C04F79EFBC}") = "3.NumberWars", "3.NumberWars\3.NumberWars.csproj", "{2D434C58-7B62-4E68-952D-9DFC722FEC1D}"
EndProject
Project("{FAE04EC0-301F-11D3-BF4B-00C04F79EFBC}") = "4.Hospital", "4.Hospital\4.Hospital.csproj", "{CE08C1A7-ABF9-40A1-92E1-9F5A8110DBD0}"
EndProject
Global
	GlobalSection(SolutionConfigurationPlatforms) = preSolution
		Debug|Any CPU = Debug|Any CPU
		Release|Any CPU = Release|Any CPU
	EndGlobalSection
	GlobalSection(ProjectConfigurationPlatforms) = postSolution
		{D537A0FA-0DD3-4D7B-B36B-60A677ACFDB3}.Debug|Any CPU.ActiveCfg = Debug|Any CPU
		{D537A0FA-0DD3-4D7B-B36B-60A677ACFDB3}.Debug|Any CPU.Build.0 = Debug|Any CPU
		{D537A0FA-0DD3-4D7B-B36B-60A677ACFDB3}.Release|Any CPU.ActiveCfg = Release|Any CPU
		{D537A0FA-0DD3-4D7B-B36B-60A677ACFDB3}.Release|Any CPU.Build.0 = Release|Any CPU
		{ECF0FB71-0972-4B3C-931B-18B0EAC4B4E0}.Debug|Any CPU.ActiveCfg = Debug|Any CPU
		{ECF0FB71-0972-4B3C-931B-18B0EAC4B4E0}.Debug|Any CPU.Build.0 = Debug|Any CPU
		{ECF0FB71-0972-4B3C-931B-18B0EAC4B4E0}.Release|Any CPU.ActiveCfg = Release|Any CPU
		{ECF0FB71-0972-4B3C-931B-18B0EAC4B4E0}.Release|Any CPU.Build.0 = Release|Any CPU
		{2D434C58-7B62-4E68-952D-9DFC722FEC1D}.Debug|Any CPU.ActiveCfg = Debug|Any CPU
		{2D434C58-7B62-4E68-952D-9DFC722FEC1D}.Debug|Any CPU.Build.0 = Debug|Any CPU
		{2D434C58-7B62-4E68-952D-9DFC722FEC1D}.Release|Any CPU.ActiveCfg = Release|Any CPU
		{2D434C58-7B62-4E68-952D-9DFC722FEC1D}.Release|Any CPU.Build.0 = Release|Any CPU
		{CE08C1A7-ABF9-40A1-92E1-9F5A8110DBD0}.Debug|Any CPU.ActiveCfg = Debug|Any CPU
		{CE08C1A7-ABF9-40A1-92E1-9F5A8110DBD0}.Debug|Any CPU.Build.0 = Debug|Any CPU
		{CE08C1A7-ABF9-40A1-92E1-9F5A8110DBD0}.Release|Any CPU.ActiveCfg = Release|Any CPU
		{CE08C1A7-ABF9-40A1-92E1-9F5A8110DBD0}.Release|Any CPU.Build.0 = Release|Any CPU
	EndGlobalSection
	GlobalSection(SolutionProperties) = preSolution
		HideSolutionNode = FALSE
	EndGlobalSection
	GlobalSection(ExtensibilityGlobals) = postSolution
		SolutionGuid = {395A43C9-A9CC-4A4D-8C54-766BD290C04E}
	EndGlobalSection
EndGlobal
