
Microsoft Visual Studio Solution File, Format Version 12.00
# Visual Studio 15
VisualStudioVersion = 15.0.27130.2024
MinimumVisualStudioVersion = 10.0.40219.1
Project("{FAE04EC0-301F-11D3-BF4B-00C04F79EFBC}") = "1.ReverseStrings", "1.ReverseStrings\1.ReverseStrings.csproj", "{3B3A849C-2ECD-4C8E-9361-E0B192E01CEB}"
EndProject
Project("{FAE04EC0-301F-11D3-BF4B-00C04F79EFBC}") = "2.SimpleCalculator", "2.SimpleCalculator\2.SimpleCalculator.csproj", "{B13A8C7A-B631-4AF5-B0C0-D1FD95E78153}"
EndProject
Project("{FAE04EC0-301F-11D3-BF4B-00C04F79EFBC}") = "3.DecimaltoBinaryConverter", "3.DecimaltoBinaryConverter\3.DecimaltoBinaryConverter.csproj", "{92A3D50E-5F90-4DF2-80B0-B1DBD877DE97}"
EndProject
Project("{FAE04EC0-301F-11D3-BF4B-00C04F79EFBC}") = "4.MatchingBrackets", "4.MatchingBrackets\4.MatchingBrackets.csproj", "{5305EDBE-9A64-4753-9533-3E5B150521E0}"
EndProject
Project("{FAE04EC0-301F-11D3-BF4B-00C04F79EFBC}") = "5. HotPotato", "5. HotPotato\5. HotPotato.csproj", "{B5DC76A7-728A-4B89-AF8A-DFAF46F80BDD}"
EndProject
Project("{FAE04EC0-301F-11D3-BF4B-00C04F79EFBC}") = "6.TrafficLight", "6.TrafficLight\6.TrafficLight.csproj", "{606191AE-CB0E-4E82-BEB3-4E1F31247FC3}"
EndProject
Global
	GlobalSection(SolutionConfigurationPlatforms) = preSolution
		Debug|Any CPU = Debug|Any CPU
		Release|Any CPU = Release|Any CPU
	EndGlobalSection
	GlobalSection(ProjectConfigurationPlatforms) = postSolution
		{3B3A849C-2ECD-4C8E-9361-E0B192E01CEB}.Debug|Any CPU.ActiveCfg = Debug|Any CPU
		{3B3A849C-2ECD-4C8E-9361-E0B192E01CEB}.Debug|Any CPU.Build.0 = Debug|Any CPU
		{3B3A849C-2ECD-4C8E-9361-E0B192E01CEB}.Release|Any CPU.ActiveCfg = Release|Any CPU
		{3B3A849C-2ECD-4C8E-9361-E0B192E01CEB}.Release|Any CPU.Build.0 = Release|Any CPU
		{B13A8C7A-B631-4AF5-B0C0-D1FD95E78153}.Debug|Any CPU.ActiveCfg = Debug|Any CPU
		{B13A8C7A-B631-4AF5-B0C0-D1FD95E78153}.Debug|Any CPU.Build.0 = Debug|Any CPU
		{B13A8C7A-B631-4AF5-B0C0-D1FD95E78153}.Release|Any CPU.ActiveCfg = Release|Any CPU
		{B13A8C7A-B631-4AF5-B0C0-D1FD95E78153}.Release|Any CPU.Build.0 = Release|Any CPU
		{92A3D50E-5F90-4DF2-80B0-B1DBD877DE97}.Debug|Any CPU.ActiveCfg = Debug|Any CPU
		{92A3D50E-5F90-4DF2-80B0-B1DBD877DE97}.Debug|Any CPU.Build.0 = Debug|Any CPU
		{92A3D50E-5F90-4DF2-80B0-B1DBD877DE97}.Release|Any CPU.ActiveCfg = Release|Any CPU
		{92A3D50E-5F90-4DF2-80B0-B1DBD877DE97}.Release|Any CPU.Build.0 = Release|Any CPU
		{5305EDBE-9A64-4753-9533-3E5B150521E0}.Debug|Any CPU.ActiveCfg = Debug|Any CPU
		{5305EDBE-9A64-4753-9533-3E5B150521E0}.Debug|Any CPU.Build.0 = Debug|Any CPU
		{5305EDBE-9A64-4753-9533-3E5B150521E0}.Release|Any CPU.ActiveCfg = Release|Any CPU
		{5305EDBE-9A64-4753-9533-3E5B150521E0}.Release|Any CPU.Build.0 = Release|Any CPU
		{B5DC76A7-728A-4B89-AF8A-DFAF46F80BDD}.Debug|Any CPU.ActiveCfg = Debug|Any CPU
		{B5DC76A7-728A-4B89-AF8A-DFAF46F80BDD}.Debug|Any CPU.Build.0 = Debug|Any CPU
		{B5DC76A7-728A-4B89-AF8A-DFAF46F80BDD}.Release|Any CPU.ActiveCfg = Release|Any CPU
		{B5DC76A7-728A-4B89-AF8A-DFAF46F80BDD}.Release|Any CPU.Build.0 = Release|Any CPU
		{606191AE-CB0E-4E82-BEB3-4E1F31247FC3}.Debug|Any CPU.ActiveCfg = Debug|Any CPU
		{606191AE-CB0E-4E82-BEB3-4E1F31247FC3}.Debug|Any CPU.Build.0 = Debug|Any CPU
		{606191AE-CB0E-4E82-BEB3-4E1F31247FC3}.Release|Any CPU.ActiveCfg = Release|Any CPU
		{606191AE-CB0E-4E82-BEB3-4E1F31247FC3}.Release|Any CPU.Build.0 = Release|Any CPU
	EndGlobalSection
	GlobalSection(SolutionProperties) = preSolution
		HideSolutionNode = FALSE
	EndGlobalSection
	GlobalSection(ExtensibilityGlobals) = postSolution
		SolutionGuid = {02F156A8-5A23-41B8-941A-C266B770FAFB}
	EndGlobalSection
EndGlobal
