
Microsoft Visual Studio Solution File, Format Version 12.00
# Visual Studio 15
VisualStudioVersion = 15.0.27130.2027
MinimumVisualStudioVersion = 10.0.40219.1
Project("{FAE04EC0-301F-11D3-BF4B-00C04F79EFBC}") = "1.SortEvenNumbers", "1.SortEvenNumbers\1.SortEvenNumbers.csproj", "{0EDA553F-4836-4CB8-ABE8-69B1DA878086}"
EndProject
Project("{FAE04EC0-301F-11D3-BF4B-00C04F79EFBC}") = "2.SumNumbers", "2.SumNumbers\2.SumNumbers.csproj", "{1FB60105-79F6-4BBB-90A3-D19DD7A8A92C}"
EndProject
Project("{FAE04EC0-301F-11D3-BF4B-00C04F79EFBC}") = "3.CountUppercaseWords", "3.CountUppercaseWords\3.CountUppercaseWords.csproj", "{B8035BE1-0964-4F9C-93A6-6C15C70F0FD4}"
EndProject
Project("{FAE04EC0-301F-11D3-BF4B-00C04F79EFBC}") = "4.AddVAT", "4.AddVAT\4.AddVAT.csproj", "{F2F3E77B-24FD-4B77-A99E-1E797B02790A}"
EndProject
Project("{FAE04EC0-301F-11D3-BF4B-00C04F79EFBC}") = "5.FilterbyAge", "5.FilterbyAge\5.FilterbyAge.csproj", "{B32B1780-FF5C-42B4-B07B-C4C2537B9B63}"
EndProject
Global
	GlobalSection(SolutionConfigurationPlatforms) = preSolution
		Debug|Any CPU = Debug|Any CPU
		Release|Any CPU = Release|Any CPU
	EndGlobalSection
	GlobalSection(ProjectConfigurationPlatforms) = postSolution
		{0EDA553F-4836-4CB8-ABE8-69B1DA878086}.Debug|Any CPU.ActiveCfg = Debug|Any CPU
		{0EDA553F-4836-4CB8-ABE8-69B1DA878086}.Debug|Any CPU.Build.0 = Debug|Any CPU
		{0EDA553F-4836-4CB8-ABE8-69B1DA878086}.Release|Any CPU.ActiveCfg = Release|Any CPU
		{0EDA553F-4836-4CB8-ABE8-69B1DA878086}.Release|Any CPU.Build.0 = Release|Any CPU
		{1FB60105-79F6-4BBB-90A3-D19DD7A8A92C}.Debug|Any CPU.ActiveCfg = Debug|Any CPU
		{1FB60105-79F6-4BBB-90A3-D19DD7A8A92C}.Debug|Any CPU.Build.0 = Debug|Any CPU
		{1FB60105-79F6-4BBB-90A3-D19DD7A8A92C}.Release|Any CPU.ActiveCfg = Release|Any CPU
		{1FB60105-79F6-4BBB-90A3-D19DD7A8A92C}.Release|Any CPU.Build.0 = Release|Any CPU
		{B8035BE1-0964-4F9C-93A6-6C15C70F0FD4}.Debug|Any CPU.ActiveCfg = Debug|Any CPU
		{B8035BE1-0964-4F9C-93A6-6C15C70F0FD4}.Debug|Any CPU.Build.0 = Debug|Any CPU
		{B8035BE1-0964-4F9C-93A6-6C15C70F0FD4}.Release|Any CPU.ActiveCfg = Release|Any CPU
		{B8035BE1-0964-4F9C-93A6-6C15C70F0FD4}.Release|Any CPU.Build.0 = Release|Any CPU
		{F2F3E77B-24FD-4B77-A99E-1E797B02790A}.Debug|Any CPU.ActiveCfg = Debug|Any CPU
		{F2F3E77B-24FD-4B77-A99E-1E797B02790A}.Debug|Any CPU.Build.0 = Debug|Any CPU
		{F2F3E77B-24FD-4B77-A99E-1E797B02790A}.Release|Any CPU.ActiveCfg = Release|Any CPU
		{F2F3E77B-24FD-4B77-A99E-1E797B02790A}.Release|Any CPU.Build.0 = Release|Any CPU
		{B32B1780-FF5C-42B4-B07B-C4C2537B9B63}.Debug|Any CPU.ActiveCfg = Debug|Any CPU
		{B32B1780-FF5C-42B4-B07B-C4C2537B9B63}.Debug|Any CPU.Build.0 = Debug|Any CPU
		{B32B1780-FF5C-42B4-B07B-C4C2537B9B63}.Release|Any CPU.ActiveCfg = Release|Any CPU
		{B32B1780-FF5C-42B4-B07B-C4C2537B9B63}.Release|Any CPU.Build.0 = Release|Any CPU
	EndGlobalSection
	GlobalSection(SolutionProperties) = preSolution
		HideSolutionNode = FALSE
	EndGlobalSection
	GlobalSection(ExtensibilityGlobals) = postSolution
		SolutionGuid = {9A624ABD-A2A8-415E-A64E-32922E25E3A7}
	EndGlobalSection
EndGlobal
